<?xml version="1.0" encoding="utf-8"?>
<Project ToolsVersion="4.0" xmlns="http://schemas.microsoft.com/developer/msbuild/2003">
  <ItemGroup>
    <Filter Include="소스 파일">
      <UniqueIdentifier>{4FC737F1-C7A5-4376-A066-2A32D752A2FF}</UniqueIdentifier>
      <Extensions>cpp;c;cc;cxx;def;odl;idl;hpj;bat;asm;asmx</Extensions>
    </Filter>
    <Filter Include="헤더 파일">
      <UniqueIdentifier>{93995380-89BD-4b04-88EB-625FBE52EBFB}</UniqueIdentifier>
      <Extensions>h;hh;hpp;hxx;hm;inl;inc;xsd</Extensions>
    </Filter>
    <Filter Include="리소스 파일">
      <UniqueIdentifier>{67DA6AB6-F800-4c08-8B7A-83BB121AAD01}</UniqueIdentifier>
      <Extensions>rc;ico;cur;bmp;dlg;rc2;rct;bin;rgs;gif;jpg;jpeg;jpe;resx;tiff;tif;png;wav;mfcribbon-ms</Extensions>
    </Filter>
    <Filter Include="소스 파일\Common">
      <UniqueIdentifier>{a3a86bb3-57cd-417f-b6ab-127917af49e5}</UniqueIdentifier>
    </Filter>
    <Filter Include="소스 파일\Common\Time">
      <UniqueIdentifier>{c73b5571-400a-4c15-9001-329a98c24785}</UniqueIdentifier>
    </Filter>
    <Filter Include="소스 파일\Common\BufferType">
      <UniqueIdentifier>{936303e4-e642-46d8-b961-2355414a053a}</UniqueIdentifier>
    </Filter>
    <Filter Include="소스 파일\Common\Text2D">
      <UniqueIdentifier>{76f60ad6-6c26-4f0a-8491-dff6c5b26f24}</UniqueIdentifier>
    </Filter>
    <Filter Include="소스 파일\D3D">
      <UniqueIdentifier>{e555302e-2a14-4fb6-88f4-5a5794c9d061}</UniqueIdentifier>
    </Filter>
    <Filter Include="소스 파일\Common\LoadTexture">
      <UniqueIdentifier>{5c2f83de-b5d8-4ce5-a5c8-f65ad0247b52}</UniqueIdentifier>
    </Filter>
    <Filter Include="소스 파일\D2D">
      <UniqueIdentifier>{45cf8830-98af-428b-888c-6ce83c5d5681}</UniqueIdentifier>
    </Filter>
    <Filter Include="소스 파일\D3D\Shader">
      <UniqueIdentifier>{6d1f8309-ad54-4365-bd73-a4bd2089ad5a}</UniqueIdentifier>
    </Filter>
    <Filter Include="소스 파일\Common\Key">
      <UniqueIdentifier>{17286da6-33dd-4b11-aace-75255f19daf7}</UniqueIdentifier>
    </Filter>
    <Filter Include="소스 파일\Scene">
      <UniqueIdentifier>{6ee4008d-6876-46ce-9e51-58485e14c6cf}</UniqueIdentifier>
    </Filter>
    <Filter Include="소스 파일\D3D\Object3D">
      <UniqueIdentifier>{c52b9832-02f4-4a34-94f6-654d9999c7c2}</UniqueIdentifier>
    </Filter>
    <Filter Include="소스 파일\D2D\Object2D">
      <UniqueIdentifier>{d81dbf17-6352-48e5-a346-8d97341448c1}</UniqueIdentifier>
    </Filter>
    <Filter Include="소스 파일\Manager">
      <UniqueIdentifier>{730d9e8a-7717-4579-821e-9409f582c06d}</UniqueIdentifier>
    </Filter>
    <Filter Include="소스 파일\UI">
      <UniqueIdentifier>{ca86c742-3d5a-42b1-983b-6cab93779252}</UniqueIdentifier>
    </Filter>
    <Filter Include="소스 파일\Player">
      <UniqueIdentifier>{e94a99f1-40c4-4f90-b73b-47f61f2d6788}</UniqueIdentifier>
    </Filter>
    <Filter Include="소스 파일\Map">
      <UniqueIdentifier>{b091c4f4-c552-46a5-834e-b599857da0de}</UniqueIdentifier>
    </Filter>
    <Filter Include="소스 파일\Effect">
      <UniqueIdentifier>{d2bb1360-e3c9-456a-b08b-88335a8a90e3}</UniqueIdentifier>
    </Filter>
    <Filter Include="소스 파일\Mob">
      <UniqueIdentifier>{72e87a7c-07cb-44d1-869c-a2729a95b80f}</UniqueIdentifier>
    </Filter>
    <Filter Include="소스 파일\Mob\Idle">
      <UniqueIdentifier>{d6c92b46-fac7-4111-9c86-f1e47c2fdf89}</UniqueIdentifier>
    </Filter>
    <Filter Include="소스 파일\Mob\Move">
      <UniqueIdentifier>{d6f4e3f8-d554-4f5a-8558-cbe55b9fce84}</UniqueIdentifier>
    </Filter>
    <Filter Include="소스 파일\Mob\HIt">
      <UniqueIdentifier>{e8b5f369-6331-4ad7-9b2c-920194287cd2}</UniqueIdentifier>
    </Filter>
    <Filter Include="소스 파일\Mob\Die">
      <UniqueIdentifier>{03b86a8e-f5f7-4375-9750-11edd2584827}</UniqueIdentifier>
    </Filter>
    <Filter Include="소스 파일\Mob\Aggro">
      <UniqueIdentifier>{e6110863-1386-4974-bff0-19db63622314}</UniqueIdentifier>
    </Filter>
  </ItemGroup>
  <ItemGroup>
    <ClInclude Include="stdafx.h">
      <Filter>헤더 파일</Filter>
    </ClInclude>
    <ClInclude Include="MK_KeyMgr.h">
      <Filter>소스 파일\Common\Key</Filter>
    </ClInclude>
    <ClInclude Include="cTimer.h">
      <Filter>소스 파일\Common\Time</Filter>
    </ClInclude>
    <ClInclude Include="DDSTextureLoader.h">
      <Filter>소스 파일\Common\LoadTexture</Filter>
    </ClInclude>
    <ClInclude Include="BufferType.h">
      <Filter>소스 파일\Common\BufferType</Filter>
    </ClInclude>
    <ClInclude Include="Text2D.h">
      <Filter>소스 파일\Common\Text2D</Filter>
    </ClInclude>
    <ClInclude Include="D2D.h">
      <Filter>소스 파일\D2D</Filter>
    </ClInclude>
    <ClInclude Include="D3D.h">
      <Filter>소스 파일\D3D</Filter>
    </ClInclude>
    <ClInclude Include="Object3D.h">
      <Filter>소스 파일\D3D\Object3D</Filter>
    </ClInclude>
    <ClInclude Include="RenderObject3D.h">
      <Filter>소스 파일\D3D\Object3D</Filter>
    </ClInclude>
    <ClInclude Include="Transform3D.h">
      <Filter>소스 파일\D3D\Object3D</Filter>
    </ClInclude>
    <ClInclude Include="SceneMgr.h">
      <Filter>소스 파일\Manager</Filter>
    </ClInclude>
    <ClInclude Include="ImageMgr.h">
      <Filter>소스 파일\Manager</Filter>
    </ClInclude>
    <ClInclude Include="IngameScene.h">
      <Filter>소스 파일\Scene</Filter>
    </ClInclude>
    <ClInclude Include="Scene.h">
      <Filter>소스 파일\Scene</Filter>
    </ClInclude>
    <ClInclude Include="Object2D.h">
      <Filter>소스 파일\D2D\Object2D</Filter>
    </ClInclude>
    <ClInclude Include="Transform2D.h">
      <Filter>소스 파일\D2D\Object2D</Filter>
    </ClInclude>
    <ClInclude Include="Renderer2D.h">
      <Filter>소스 파일\D2D\Object2D</Filter>
    </ClInclude>
    <ClInclude Include="cLogMgr.h">
      <Filter>소스 파일\Manager</Filter>
    </ClInclude>
    <ClInclude Include="cUI.h">
      <Filter>소스 파일\UI</Filter>
    </ClInclude>
    <ClInclude Include="cUIMgr.h">
      <Filter>소스 파일\Manager</Filter>
    </ClInclude>
    <ClInclude Include="TemplateSingleton.h">
      <Filter>소스 파일\Manager</Filter>
    </ClInclude>
    <ClInclude Include="PlayerTest.h">
      <Filter>소스 파일\Player</Filter>
    </ClInclude>
    <ClInclude Include="LoginScene.h">
      <Filter>소스 파일\Scene</Filter>
    </ClInclude>
    <ClInclude Include="SoundMgr.h">
      <Filter>소스 파일\Manager</Filter>
    </ClInclude>
    <ClInclude Include="ChannelScene.h">
      <Filter>소스 파일\Scene</Filter>
    </ClInclude>
    <ClInclude Include="LobbyScene.h">
      <Filter>소스 파일\Scene</Filter>
    </ClInclude>
    <ClInclude Include="CreateScene0.h">
      <Filter>소스 파일\Scene</Filter>
    </ClInclude>
    <ClInclude Include="cMapMgr.h">
      <Filter>소스 파일\Manager</Filter>
    </ClInclude>
    <ClInclude Include="cMapObj.h">
      <Filter>소스 파일\Map</Filter>
    </ClInclude>
    <ClInclude Include="cMap.h">
      <Filter>소스 파일\Map</Filter>
    </ClInclude>
    <ClInclude Include="cErebMap.h">
      <Filter>소스 파일\Map</Filter>
    </ClInclude>
    <ClInclude Include="cArcana.h">
      <Filter>소스 파일\Map</Filter>
    </ClInclude>
    <ClInclude Include="cEffectMgr.h">
      <Filter>소스 파일\Manager</Filter>
    </ClInclude>
    <ClInclude Include="cEffect.h">
      <Filter>소스 파일\Effect</Filter>
    </ClInclude>
    <ClInclude Include="cMonsterMgr.h">
      <Filter>소스 파일\Manager</Filter>
    </ClInclude>
    <ClInclude Include="cMob.h">
      <Filter>소스 파일\Mob</Filter>
    </ClInclude>
    <ClInclude Include="cMushroom.h">
      <Filter>소스 파일\Mob</Filter>
    </ClInclude>
    <ClInclude Include="cPlayerMgr.h">
      <Filter>소스 파일\Manager</Filter>
    </ClInclude>
    <ClInclude Include="CreateScene1.h">
      <Filter>소스 파일\Scene</Filter>
    </ClInclude>
    <ClInclude Include="cCokeTown.h">
      <Filter>소스 파일\Map</Filter>
    </ClInclude>
    <ClInclude Include="cCokeTownBoss.h">
      <Filter>소스 파일\Map</Filter>
    </ClInclude>
    <ClInclude Include="cCokeTownNormal.h">
      <Filter>소스 파일\Map</Filter>
    </ClInclude>
    <ClInclude Include="cJunierYetti.h">
      <Filter>소스 파일\Mob</Filter>
    </ClInclude>
    <ClInclude Include="cDataMgr.h">
      <Filter>소스 파일\Manager</Filter>
    </ClInclude>
    <ClInclude Include="cSkillMgr.h">
      <Filter>소스 파일\Manager</Filter>
    </ClInclude>
    <ClInclude Include="cMurucoon.h">
      <Filter>소스 파일\Mob</Filter>
    </ClInclude>
    <ClInclude Include="cMobIdle.h">
      <Filter>소스 파일\Mob\Idle</Filter>
    </ClInclude>
    <ClInclude Include="cNormalIdle.h">
      <Filter>소스 파일\Mob\Idle</Filter>
    </ClInclude>
    <ClInclude Include="cMobMove.h">
      <Filter>소스 파일\Mob\Move</Filter>
    </ClInclude>
    <ClInclude Include="cNormalMove.h">
      <Filter>소스 파일\Mob\Move</Filter>
    </ClInclude>
    <ClInclude Include="cMobHit.h">
      <Filter>소스 파일\Mob\HIt</Filter>
    </ClInclude>
    <ClInclude Include="cNormalHit.h">
      <Filter>소스 파일\Mob\HIt</Filter>
    </ClInclude>
    <ClInclude Include="cMobDie.h">
      <Filter>소스 파일\Mob\Die</Filter>
    </ClInclude>
    <ClInclude Include="cNormalDie.h">
      <Filter>소스 파일\Mob\Die</Filter>
    </ClInclude>
    <ClInclude Include="cMobAggro.h">
      <Filter>소스 파일\Mob\Aggro</Filter>
    </ClInclude>
    <ClInclude Include="cNormalAggro.h">
      <Filter>소스 파일\Mob\Aggro</Filter>
    </ClInclude>
  </ItemGroup>
  <ItemGroup>
    <ClCompile Include="MK_KeyMgr.cpp">
      <Filter>소스 파일\Common\Key</Filter>
    </ClCompile>
    <ClCompile Include="cTimer.cpp">
      <Filter>소스 파일\Common\Time</Filter>
    </ClCompile>
    <ClCompile Include="DDSTextureLoader.cpp">
      <Filter>소스 파일\Common\LoadTexture</Filter>
    </ClCompile>
    <ClCompile Include="WinMain.cpp">
      <Filter>소스 파일</Filter>
    </ClCompile>
    <ClCompile Include="BufferType.cpp">
      <Filter>소스 파일\Common\BufferType</Filter>
    </ClCompile>
    <ClCompile Include="Text2D.cpp">
      <Filter>소스 파일\Common\Text2D</Filter>
    </ClCompile>
    <ClCompile Include="D2D.cpp">
      <Filter>소스 파일\D2D</Filter>
    </ClCompile>
    <ClCompile Include="D3D.cpp">
      <Filter>소스 파일\D3D</Filter>
    </ClCompile>
    <ClCompile Include="Object3D.cpp">
      <Filter>소스 파일\D3D\Object3D</Filter>
    </ClCompile>
    <ClCompile Include="RenderObjec3Dt.cpp">
      <Filter>소스 파일\D3D\Object3D</Filter>
    </ClCompile>
    <ClCompile Include="Transform3D.cpp">
      <Filter>소스 파일\D3D\Object3D</Filter>
    </ClCompile>
    <ClCompile Include="SceneMgr.cpp">
      <Filter>소스 파일\Manager</Filter>
    </ClCompile>
    <ClCompile Include="ImageMgr.cpp">
      <Filter>소스 파일\Manager</Filter>
    </ClCompile>
    <ClCompile Include="IngameScene.cpp">
      <Filter>소스 파일\Scene</Filter>
    </ClCompile>
    <ClCompile Include="Object2D.cpp">
      <Filter>소스 파일\D2D\Object2D</Filter>
    </ClCompile>
    <ClCompile Include="Transform2D.cpp">
      <Filter>소스 파일\D2D\Object2D</Filter>
    </ClCompile>
    <ClCompile Include="Renderer2D.cpp">
      <Filter>소스 파일\D2D\Object2D</Filter>
    </ClCompile>
    <ClCompile Include="cLogMgr.cpp">
      <Filter>소스 파일\Manager</Filter>
    </ClCompile>
    <ClCompile Include="cUI.cpp">
      <Filter>소스 파일\UI</Filter>
    </ClCompile>
    <ClCompile Include="cUIMgr.cpp">
      <Filter>소스 파일\Manager</Filter>
    </ClCompile>
    <ClCompile Include="PlayerTest.cpp">
      <Filter>소스 파일\Player</Filter>
    </ClCompile>
    <ClCompile Include="LoginScene.cpp">
      <Filter>소스 파일\Scene</Filter>
    </ClCompile>
    <ClCompile Include="SoundMgr.cpp">
      <Filter>소스 파일\Manager</Filter>
    </ClCompile>
    <ClCompile Include="ChannelScene.cpp">
      <Filter>소스 파일\Scene</Filter>
    </ClCompile>
    <ClCompile Include="LobbyScene.cpp">
      <Filter>소스 파일\Scene</Filter>
    </ClCompile>
    <ClCompile Include="CreateScene0.cpp">
      <Filter>소스 파일\Scene</Filter>
    </ClCompile>
    <ClCompile Include="cMapMgr.cpp">
      <Filter>소스 파일\Manager</Filter>
    </ClCompile>
    <ClCompile Include="cMapObj.cpp">
      <Filter>소스 파일\Map</Filter>
    </ClCompile>
    <ClCompile Include="cMap.cpp">
      <Filter>소스 파일\Map</Filter>
    </ClCompile>
    <ClCompile Include="cArcana.cpp">
      <Filter>소스 파일\Map</Filter>
    </ClCompile>
    <ClCompile Include="cEffectMgr.cpp">
      <Filter>소스 파일\Manager</Filter>
    </ClCompile>
    <ClCompile Include="cEffect.cpp">
      <Filter>소스 파일\Effect</Filter>
    </ClCompile>
    <ClCompile Include="cMonsterMgr.cpp">
      <Filter>소스 파일\Manager</Filter>
    </ClCompile>
    <ClCompile Include="cMob.cpp">
      <Filter>소스 파일\Mob</Filter>
    </ClCompile>
    <ClCompile Include="cMushroom.cpp">
      <Filter>소스 파일\Mob</Filter>
    </ClCompile>
    <ClCompile Include="cPlayerMgr.cpp">
      <Filter>소스 파일\Manager</Filter>
    </ClCompile>
    <ClCompile Include="cErebMap.cpp">
      <Filter>소스 파일\Map</Filter>
    </ClCompile>
    <ClCompile Include="CreateScene1.cpp">
      <Filter>소스 파일\Scene</Filter>
    </ClCompile>
    <ClCompile Include="cCokeTown.cpp">
      <Filter>소스 파일\Map</Filter>
    </ClCompile>
    <ClCompile Include="cCokeTownBoss.cpp">
      <Filter>소스 파일\Map</Filter>
    </ClCompile>
    <ClCompile Include="cCokeTownNormal.cpp">
      <Filter>소스 파일\Map</Filter>
    </ClCompile>
    <ClCompile Include="cJunierYetti.cpp">
      <Filter>소스 파일\Mob</Filter>
    </ClCompile>
    <ClCompile Include="cDataMgr.cpp">
      <Filter>소스 파일\Manager</Filter>
    </ClCompile>
    <ClCompile Include="cSkillMgr.cpp">
      <Filter>소스 파일\Manager</Filter>
    </ClCompile>
    <ClCompile Include="cMurucoon.cpp">
      <Filter>소스 파일\Mob</Filter>
    </ClCompile>
    <ClCompile Include="cMobIdle.cpp">
      <Filter>소스 파일\Mob\Idle</Filter>
    </ClCompile>
    <ClCompile Include="cNormalIdle.cpp">
      <Filter>소스 파일\Mob\Idle</Filter>
    </ClCompile>
    <ClCompile Include="cMobMove.cpp">
      <Filter>소스 파일\Mob\Move</Filter>
    </ClCompile>
    <ClCompile Include="cNormalMove.cpp">
      <Filter>소스 파일\Mob\Move</Filter>
    </ClCompile>
    <ClCompile Include="cMobHit.cpp">
      <Filter>소스 파일\Mob\HIt</Filter>
    </ClCompile>
    <ClCompile Include="cNormalHit.cpp">
      <Filter>소스 파일\Mob\HIt</Filter>
    </ClCompile>
    <ClCompile Include="cMobDie.cpp">
      <Filter>소스 파일\Mob\Die</Filter>
    </ClCompile>
    <ClCompile Include="cNormalDie.cpp">
      <Filter>소스 파일\Mob\Die</Filter>
    </ClCompile>
    <ClCompile Include="cMobAggro.cpp">
      <Filter>소스 파일\Mob\Aggro</Filter>
    </ClCompile>
    <ClCompile Include="cNormalAggro.cpp">
      <Filter>소스 파일\Mob\Aggro</Filter>
    </ClCompile>
  </ItemGroup>
  <ItemGroup>
    <FxCompile Include="Sample.fx">
      <Filter>소스 파일\D3D\Shader</Filter>
    </FxCompile>
    <FxCompile Include="Sample2.fx">
      <Filter>소스 파일\D3D\Shader</Filter>
    </FxCompile>
  </ItemGroup>
</Project>